github.com/creasty/defaults v1.6.0 h1:ltuE9cfphUtlrBeomuu8PEyISTXnxqkBIoQfXgv7BSc=
github.com/creasty/defaults v1.6.0/go.mod h1:iGzKe6pbEHnpMPtfDXZEr0NVxWnPTjb1bbDy08fPzYM=
github.com/google/uuid v1.3.0/go.mod h1:TIyPZe4MgqvfeYDBFedMoGGpEw/LqOeaOT+nhxU+yHo=
github.com/veandco/go-sdl2 v0.4.25 h1:J5ac3KKOccp/0xGJA1PaNYKPUcZm19IxhDGs8lJofPI=
github.com/veandco/go-sdl2 v0.4.25/go.mod h1:OROqMhHD43nT4/i9crJukyVecjPNYYuCofep6SNiAjY=
